
Microsoft Visual Studio Solution File, Format Version 12.00
# Visual Studio Version 16
VisualStudioVersion = 16.0.29609.76
MinimumVisualStudioVersion = 10.0.40219.1
Project("{888888A0-9F3D-457C-B088-3A5042F75D52}") = "SugarPy", "SugarPy\SugarPy.pyproj", "{C15577D5-187D-4DBF-8C07-C11141654EB3}"
EndProject
Global
	GlobalSection(SolutionConfigurationPlatforms) = preSolution
		Debug|Any CPU = Debug|Any CPU
		Release|Any CPU = Release|Any CPU
	EndGlobalSection
	GlobalSection(ProjectConfigurationPlatforms) = postSolution
		{C15577D5-187D-4DBF-8C07-C11141654EB3}.Debug|Any CPU.ActiveCfg = Debug|Any CPU
		{C15577D5-187D-4DBF-8C07-C11141654EB3}.Release|Any CPU.ActiveCfg = Release|Any CPU
	EndGlobalSection
	GlobalSection(SolutionProperties) = preSolution
		HideSolutionNode = FALSE
	EndGlobalSection
	GlobalSection(ExtensibilityGlobals) = postSolution
		SolutionGuid = {5A272BF3-EC63-4C41-A98D-66E5037B5AFA}
	EndGlobalSection
EndGlobal
